
Microsoft Visual Studio Solution File, Format Version 12.00
# Visual Studio Version 17
VisualStudioVersion = 17.5.002.0
MinimumVisualStudioVersion = 10.0.40219.1
Project("{9A19103F-16F7-4668-BE54-9A1E7A4F7556}") = "WebAPIListaTarefas", "WebAPIListaTarefas.csproj", "{15CDB17B-4F6C-4CCC-B0B5-F0E8661A89D8}"
EndProject
Global
	GlobalSection(SolutionConfigurationPlatforms) = preSolution
		Debug|Any CPU = Debug|Any CPU
		Release|Any CPU = Release|Any CPU
	EndGlobalSection
	GlobalSection(ProjectConfigurationPlatforms) = postSolution
		{15CDB17B-4F6C-4CCC-B0B5-F0E8661A89D8}.Debug|Any CPU.ActiveCfg = Debug|Any CPU
		{15CDB17B-4F6C-4CCC-B0B5-F0E8661A89D8}.Debug|Any CPU.Build.0 = Debug|Any CPU
		{15CDB17B-4F6C-4CCC-B0B5-F0E8661A89D8}.Release|Any CPU.ActiveCfg = Release|Any CPU
		{15CDB17B-4F6C-4CCC-B0B5-F0E8661A89D8}.Release|Any CPU.Build.0 = Release|Any CPU
	EndGlobalSection
	GlobalSection(SolutionProperties) = preSolution
		HideSolutionNode = FALSE
	EndGlobalSection
	GlobalSection(ExtensibilityGlobals) = postSolution
		SolutionGuid = {7D256470-C079-4CC0-ABA6-A9E493321F82}
	EndGlobalSection
EndGlobal
